<Solution>
  <Folder Name="/src/">
    <Project Path="LogixSys.AuthClient/LogixSys.AuthClient.csproj" />
    <Project Path="LogixSys.AuthServer.Api/LogixSys.AuthServer.Api.csproj" />
    <Project Path="LogixSys.AuthServer.Application/LogixSys.AuthServer.Application.csproj" />
    <Project Path="LogixSys.AuthServer.Contracts/LogixSys.AuthServer.Contracts.csproj" />
    <Project Path="LogixSys.AuthServer.Domain/LogixSys.AuthServer.Domain.csproj" />
    <Project Path="LogixSys.AuthServer.Infrastructure/LogixSys.AuthServer.Infrastructure.csproj" />
    <Project Path="LogixSys.AuthServer.Persistence/LogixSys.AuthServer.Persistence.csproj" />
  </Folder>
  <Project Path="LogixSys.MobileApp/LogixSys.MobileApp.csproj" Id="74e3dfcf-ccfe-43e2-9932-cf146015e336">
    <Deploy Solution="Debug|*" />
  </Project>
</Solution>
